
Microsoft Visual Studio Solution File, Format Version 12.00
# Visual Studio Version 16
Project("{8BC9CEB8-8B4A-11D0-8D11-00A0C91BC942}") = "ALL_BUILD", "ALL_BUILD.vcxproj", "{0E6551F8-5A85-3832-8883-77C12EDD21AB}"
	ProjectSection(ProjectDependencies) = postProject
		{CF88D77C-3EC8-3F33-A5C8-1A0A2385ECAE} = {CF88D77C-3EC8-3F33-A5C8-1A0A2385ECAE}
		{2EFA1E6D-C524-3B33-9765-EF7338016028} = {2EFA1E6D-C524-3B33-9765-EF7338016028}
	EndProjectSection
EndProject
Project("{8BC9CEB8-8B4A-11D0-8D11-00A0C91BC942}") = "Matrix", "Matrix.vcxproj", "{CF88D77C-3EC8-3F33-A5C8-1A0A2385ECAE}"
	ProjectSection(ProjectDependencies) = postProject
		{2EFA1E6D-C524-3B33-9765-EF7338016028} = {2EFA1E6D-C524-3B33-9765-EF7338016028}
	EndProjectSection
EndProject
Project("{8BC9CEB8-8B4A-11D0-8D11-00A0C91BC942}") = "ZERO_CHECK", "ZERO_CHECK.vcxproj", "{2EFA1E6D-C524-3B33-9765-EF7338016028}"
	ProjectSection(ProjectDependencies) = postProject
	EndProjectSection
EndProject
Global
	GlobalSection(SolutionConfigurationPlatforms) = preSolution
		Debug|x64 = Debug|x64
		Release|x64 = Release|x64
		MinSizeRel|x64 = MinSizeRel|x64
		RelWithDebInfo|x64 = RelWithDebInfo|x64
	EndGlobalSection
	GlobalSection(ProjectConfigurationPlatforms) = postSolution
		{0E6551F8-5A85-3832-8883-77C12EDD21AB}.Debug|x64.ActiveCfg = Debug|x64
		{0E6551F8-5A85-3832-8883-77C12EDD21AB}.Release|x64.ActiveCfg = Release|x64
		{0E6551F8-5A85-3832-8883-77C12EDD21AB}.MinSizeRel|x64.ActiveCfg = MinSizeRel|x64
		{0E6551F8-5A85-3832-8883-77C12EDD21AB}.RelWithDebInfo|x64.ActiveCfg = RelWithDebInfo|x64
		{CF88D77C-3EC8-3F33-A5C8-1A0A2385ECAE}.Debug|x64.ActiveCfg = Debug|x64
		{CF88D77C-3EC8-3F33-A5C8-1A0A2385ECAE}.Debug|x64.Build.0 = Debug|x64
		{CF88D77C-3EC8-3F33-A5C8-1A0A2385ECAE}.Release|x64.ActiveCfg = Release|x64
		{CF88D77C-3EC8-3F33-A5C8-1A0A2385ECAE}.Release|x64.Build.0 = Release|x64
		{CF88D77C-3EC8-3F33-A5C8-1A0A2385ECAE}.MinSizeRel|x64.ActiveCfg = MinSizeRel|x64
		{CF88D77C-3EC8-3F33-A5C8-1A0A2385ECAE}.MinSizeRel|x64.Build.0 = MinSizeRel|x64
		{CF88D77C-3EC8-3F33-A5C8-1A0A2385ECAE}.RelWithDebInfo|x64.ActiveCfg = RelWithDebInfo|x64
		{CF88D77C-3EC8-3F33-A5C8-1A0A2385ECAE}.RelWithDebInfo|x64.Build.0 = RelWithDebInfo|x64
		{2EFA1E6D-C524-3B33-9765-EF7338016028}.Debug|x64.ActiveCfg = Debug|x64
		{2EFA1E6D-C524-3B33-9765-EF7338016028}.Debug|x64.Build.0 = Debug|x64
		{2EFA1E6D-C524-3B33-9765-EF7338016028}.Release|x64.ActiveCfg = Release|x64
		{2EFA1E6D-C524-3B33-9765-EF7338016028}.Release|x64.Build.0 = Release|x64
		{2EFA1E6D-C524-3B33-9765-EF7338016028}.MinSizeRel|x64.ActiveCfg = MinSizeRel|x64
		{2EFA1E6D-C524-3B33-9765-EF7338016028}.MinSizeRel|x64.Build.0 = MinSizeRel|x64
		{2EFA1E6D-C524-3B33-9765-EF7338016028}.RelWithDebInfo|x64.ActiveCfg = RelWithDebInfo|x64
		{2EFA1E6D-C524-3B33-9765-EF7338016028}.RelWithDebInfo|x64.Build.0 = RelWithDebInfo|x64
	EndGlobalSection
	GlobalSection(ExtensibilityGlobals) = postSolution
		SolutionGuid = {FED2C707-38B8-3E0B-99D8-2E8CB6D96430}
	EndGlobalSection
	GlobalSection(ExtensibilityAddIns) = postSolution
	EndGlobalSection
EndGlobal
